
Microsoft Visual Studio Solution File, Format Version 12.00
# Visual Studio 2013
VisualStudioVersion = 12.0.21005.1
MinimumVisualStudioVersion = 10.0.40219.1
Project("{FAE04EC0-301F-11D3-BF4B-00C04F79EFBC}") = "dBTutorial", "dBTutorial\dBTutorial.csproj", "{EDA52438-2D0B-4B13-A52F-4B3BD40A1EAC}"
EndProject
Global
	GlobalSection(SolutionConfigurationPlatforms) = preSolution
		Debug|Any CPU = Debug|Any CPU
		Debug|ARM = Debug|ARM
		Debug|x86 = Debug|x86
		Release|Any CPU = Release|Any CPU
		Release|ARM = Release|ARM
		Release|x86 = Release|x86
	EndGlobalSection
	GlobalSection(ProjectConfigurationPlatforms) = postSolution
		{EDA52438-2D0B-4B13-A52F-4B3BD40A1EAC}.Debug|Any CPU.ActiveCfg = Debug|Any CPU
		{EDA52438-2D0B-4B13-A52F-4B3BD40A1EAC}.Debug|Any CPU.Build.0 = Debug|Any CPU
		{EDA52438-2D0B-4B13-A52F-4B3BD40A1EAC}.Debug|Any CPU.Deploy.0 = Debug|Any CPU
		{EDA52438-2D0B-4B13-A52F-4B3BD40A1EAC}.Debug|ARM.ActiveCfg = Debug|ARM
		{EDA52438-2D0B-4B13-A52F-4B3BD40A1EAC}.Debug|ARM.Build.0 = Debug|ARM
		{EDA52438-2D0B-4B13-A52F-4B3BD40A1EAC}.Debug|ARM.Deploy.0 = Debug|ARM
		{EDA52438-2D0B-4B13-A52F-4B3BD40A1EAC}.Debug|x86.ActiveCfg = Debug|x86
		{EDA52438-2D0B-4B13-A52F-4B3BD40A1EAC}.Debug|x86.Build.0 = Debug|x86
		{EDA52438-2D0B-4B13-A52F-4B3BD40A1EAC}.Debug|x86.Deploy.0 = Debug|x86
		{EDA52438-2D0B-4B13-A52F-4B3BD40A1EAC}.Release|Any CPU.ActiveCfg = Release|Any CPU
		{EDA52438-2D0B-4B13-A52F-4B3BD40A1EAC}.Release|Any CPU.Build.0 = Release|Any CPU
		{EDA52438-2D0B-4B13-A52F-4B3BD40A1EAC}.Release|Any CPU.Deploy.0 = Release|Any CPU
		{EDA52438-2D0B-4B13-A52F-4B3BD40A1EAC}.Release|ARM.ActiveCfg = Release|ARM
		{EDA52438-2D0B-4B13-A52F-4B3BD40A1EAC}.Release|ARM.Build.0 = Release|ARM
		{EDA52438-2D0B-4B13-A52F-4B3BD40A1EAC}.Release|ARM.Deploy.0 = Release|ARM
		{EDA52438-2D0B-4B13-A52F-4B3BD40A1EAC}.Release|x86.ActiveCfg = Release|x86
		{EDA52438-2D0B-4B13-A52F-4B3BD40A1EAC}.Release|x86.Build.0 = Release|x86
		{EDA52438-2D0B-4B13-A52F-4B3BD40A1EAC}.Release|x86.Deploy.0 = Release|x86
	EndGlobalSection
	GlobalSection(SolutionProperties) = preSolution
		HideSolutionNode = FALSE
	EndGlobalSection
EndGlobal
